Microsoft Visual Studio Solution File, Format Version 12.00
# Visual Studio Version 17
VisualStudioVersion = 17.5.2.0
MinimumVisualStudioVersion = 10.0.40219.1
Project("{FAE04EC0-301F-11D3-BF4B-00C04F79EFBC}") = "CinemaManagement", "CinemaManagement.csproj", "{2B886961-0416-F2C0-0CDA-7021DEBD5185}"
EndProject
Global
	GlobalSection(SolutionConfigurationPlatforms) = preSolution
		Debug|Any CPU = Debug|Any CPU
		Release|Any CPU = Release|Any CPU
	EndGlobalSection
	GlobalSection(ProjectConfigurationPlatforms) = postSolution
		{2B886961-0416-F2C0-0CDA-7021DEBD5185}.Debug|Any CPU.ActiveCfg = Debug|Any CPU
		{2B886961-0416-F2C0-0CDA-7021DEBD5185}.Debug|Any CPU.Build.0 = Debug|Any CPU
		{2B886961-0416-F2C0-0CDA-7021DEBD5185}.Release|Any CPU.ActiveCfg = Release|Any CPU
		{2B886961-0416-F2C0-0CDA-7021DEBD5185}.Release|Any CPU.Build.0 = Release|Any CPU
	EndGlobalSection
	GlobalSection(SolutionProperties) = preSolution
		HideSolutionNode = FALSE
	EndGlobalSection
	GlobalSection(ExtensibilityGlobals) = postSolution
		SolutionGuid = {DC912B4A-AA7B-4E3F-8743-2D7939FF8DDE}
	EndGlobalSection
EndGlobal
